
Microsoft Visual Studio Solution File, Format Version 12.00
# Visual Studio Version 17
VisualStudioVersion = 17.8.34525.116
MinimumVisualStudioVersion = 10.0.40219.1
Project("{FAE04EC0-301F-11D3-BF4B-00C04F79EFBC}") = "Pixsys.Library.Media.Common", "Pixsys.Library.Media.Common\Pixsys.Library.Media.Common.csproj", "{F4B3E499-18BC-41F0-A3C8-95F3DA6871D9}"
EndProject
Global
	GlobalSection(SolutionConfigurationPlatforms) = preSolution
		Debug|Any CPU = Debug|Any CPU
		Release|Any CPU = Release|Any CPU
	EndGlobalSection
	GlobalSection(ProjectConfigurationPlatforms) = postSolution
		{F4B3E499-18BC-41F0-A3C8-95F3DA6871D9}.Debug|Any CPU.ActiveCfg = Debug|Any CPU
		{F4B3E499-18BC-41F0-A3C8-95F3DA6871D9}.Debug|Any CPU.Build.0 = Debug|Any CPU
		{F4B3E499-18BC-41F0-A3C8-95F3DA6871D9}.Release|Any CPU.ActiveCfg = Release|Any CPU
		{F4B3E499-18BC-41F0-A3C8-95F3DA6871D9}.Release|Any CPU.Build.0 = Release|Any CPU
	EndGlobalSection
	GlobalSection(SolutionProperties) = preSolution
		HideSolutionNode = FALSE
	EndGlobalSection
	GlobalSection(ExtensibilityGlobals) = postSolution
		SolutionGuid = {2474B3AD-DDC4-4279-907A-4BDFCCB228F8}
	EndGlobalSection
EndGlobal
